{
  "lockfileVersion": 1,
  "configVersion": 0,
  "workspaces": {
    "": {
      "name": "end2end",
      "devDependencies": {
        "@playwright/test": "1.58.1",
        "@types/node": "25.2.0",
        "typescript": "5.9.3",
      },
    },
  },
  "packages": {
    "@playwright/test": ["@playwright/test@1.58.1", "", { "dependencies": { "playwright": "1.58.1" }, "bin": { "playwright": "cli.js" } }, "sha512-6LdVIUERWxQMmUSSQi0I53GgCBYgM2RpGngCPY7hSeju+VrKjq3lvs7HpJoPbDiY5QM5EYRtRX5fvrinnMAz3w=="],

    "@types/node": ["@types/node@25.2.0", "", { "dependencies": { "undici-types": "~7.16.0" } }, "sha512-DZ8VwRFUNzuqJ5khrvwMXHmvPe+zGayJhr2CDNiKB1WBE1ST8Djl00D0IC4vvNmHMdj6DlbYRIaFE7WHjlDl5w=="],

    "fsevents": ["fsevents@2.3.2", "", { "os": "darwin" }, "sha512-xiqMQR4xAeHTuB9uWm+fFRcIOgKBMiOBP+eXiyT7jsgVCq1bkVygt00oASowB7EdtpOHaaPgKt812P9ab+DDKA=="],

    "playwright": ["playwright@1.58.1", "", { "dependencies": { "playwright-core": "1.58.1" }, "optionalDependencies": { "fsevents": "2.3.2" }, "bin": { "playwright": "cli.js" } }, "sha512-+2uTZHxSCcxjvGc5C891LrS1/NlxglGxzrC4seZiVjcYVQfUa87wBL6rTDqzGjuoWNjnBzRqKmF6zRYGMvQUaQ=="],

    "playwright-core": ["playwright-core@1.58.1", "", { "bin": { "playwright-core": "cli.js" } }, "sha512-bcWzOaTxcW+VOOGBCQgnaKToLJ65d6AqfLVKEWvexyS3AS6rbXl+xdpYRMGSRBClPvyj44njOWoxjNdL/H9UNg=="],

    "typescript": ["typescript@5.9.3", "", { "bin": { "tsc": "bin/tsc", "tsserver": "bin/tsserver" } }, "sha512-jl1vZzPDinLr9eUt3J/t7V6FgNEw9QjvBPdysz9KfQDD41fQrC2Y4vKQdiaUpFT4bXlb1RHhLpp8wtm6M5TgSw=="],

    "undici-types": ["undici-types@7.16.0", "", {}, "sha512-Zz+aZWSj8LE6zoxD+xrjh4VfkIG8Ya6LvYkZqtUQGJPZjYl53ypCaUwWqo7eI0x66KBGeRo+mlBEkMSeSZ38Nw=="],
  }
}
